
Microsoft Visual Studio Solution File, Format Version 12.00
# Visual Studio 15
VisualStudioVersion = 15.0.28307.168
MinimumVisualStudioVersion = 10.0.40219.1
Project("{FAE04EC0-301F-11D3-BF4B-00C04F79EFBC}") = "Kingdom Come", "Kingdom Come\Kingdom Come.csproj", "{3913D49E-DA83-4697-A48D-8F28B037B8D0}"
EndProject
Project("{9A19103F-16F7-4668-BE54-9A1E7A4F7556}") = "Library", "Library\Library.csproj", "{3F147027-217F-451D-9E82-ED05F67E57D4}"
EndProject
Project("{2150E333-8FDC-42A3-9474-1A3956D46DE8}") = "Solution Items", "Solution Items", "{AE3C40BC-94F6-41EE-A497-467A4AD2CC17}"
	ProjectSection(SolutionItems) = preProject
		tblfile.py = tblfile.py
	EndProjectSection
EndProject
Project("{D954291E-2A0B-460D-934E-DC6B0785DB48}") = "Sharp", "..\..\Scribe\CSharp\Source\Sharp\Sharp.shproj", "{C6BEFC6B-542B-427F-A8A7-887F2259D014}"
EndProject
Global
	GlobalSection(SharedMSBuildProjectFiles) = preSolution
		..\..\Scribe\CSharp\Source\Sharp\Sharp.projitems*{c6befc6b-542b-427f-a8a7-887f2259d014}*SharedItemsImports = 13
	EndGlobalSection
	GlobalSection(SolutionConfigurationPlatforms) = preSolution
		Debug|Any CPU = Debug|Any CPU
		Release|Any CPU = Release|Any CPU
	EndGlobalSection
	GlobalSection(ProjectConfigurationPlatforms) = postSolution
		{3913D49E-DA83-4697-A48D-8F28B037B8D0}.Debug|Any CPU.ActiveCfg = Debug|Any CPU
		{3913D49E-DA83-4697-A48D-8F28B037B8D0}.Debug|Any CPU.Build.0 = Debug|Any CPU
		{3913D49E-DA83-4697-A48D-8F28B037B8D0}.Release|Any CPU.ActiveCfg = Release|Any CPU
		{3913D49E-DA83-4697-A48D-8F28B037B8D0}.Release|Any CPU.Build.0 = Release|Any CPU
		{3F147027-217F-451D-9E82-ED05F67E57D4}.Debug|Any CPU.ActiveCfg = Debug|Any CPU
		{3F147027-217F-451D-9E82-ED05F67E57D4}.Debug|Any CPU.Build.0 = Debug|Any CPU
		{3F147027-217F-451D-9E82-ED05F67E57D4}.Release|Any CPU.ActiveCfg = Release|Any CPU
		{3F147027-217F-451D-9E82-ED05F67E57D4}.Release|Any CPU.Build.0 = Release|Any CPU
	EndGlobalSection
	GlobalSection(SolutionProperties) = preSolution
		HideSolutionNode = FALSE
	EndGlobalSection
	GlobalSection(ExtensibilityGlobals) = postSolution
		SolutionGuid = {1D49D4A0-6631-466A-A934-FD245B64122D}
	EndGlobalSection
EndGlobal
